{
  "name": "hexo-site",
  "version": "1.0.0",
  "lockfileVersion": 1,
  "requires": true,
  "dependencies": {
    "echarts": {
      "version": "4.0.4",
      "resolved": "http://registry.npm.taobao.org/echarts/download/echarts-4.0.4.tgz",
      "integrity": "sha1-NqqKR9M1Q9Pf5qe8Eijdw6HkEVc=",
      "requires": {
        "zrender": "4.0.3"
      }
    },
    "lodash": {
      "version": "4.17.5",
      "resolved": "http://registry.npm.taobao.org/lodash/download/lodash-4.17.5.tgz",
      "integrity": "sha1-maktZcAnLevoyWtgV7yPv6O+1RE="
    },
    "resize-detector": {
      "version": "0.1.6",
      "resolved": "http://registry.npm.taobao.org/resize-detector/download/resize-detector-0.1.6.tgz",
      "integrity": "sha1-jD/LnkSRNXbJmB2L7Ax+AuMbwbE="
    },
    "vue-echarts": {
      "version": "git+https://github.com/yugasun/vue-echarts.git#11e6872fe8fea8a3b937afb659e62c7368137eac",
      "requires": {
        "echarts": "4.0.4",
        "lodash": "4.17.5",
        "resize-detector": "0.1.6"
      }
    },
    "zrender": {
      "version": "4.0.3",
      "resolved": "http://registry.npm.taobao.org/zrender/download/zrender-4.0.3.tgz",
      "integrity": "sha1-gB7wARAXUKYYV/hOZMTV+zyIzKc="
    }
  }
}
